
Microsoft Visual Studio Solution File, Format Version 12.00
# Visual Studio Version 17
VisualStudioVersion = 17.5.33414.496
MinimumVisualStudioVersion = 10.0.40219.1
Project("{FAE04EC0-301F-11D3-BF4B-00C04F79EFBC}") = "TechNews_API", "TechNews_API.csproj", "{7E27CE0A-EAD1-4638-A081-F9BD91C320CE}"
EndProject
Global
	GlobalSection(SolutionConfigurationPlatforms) = preSolution
		Debug|Any CPU = Debug|Any CPU
		Release|Any CPU = Release|Any CPU
	EndGlobalSection
	GlobalSection(ProjectConfigurationPlatforms) = postSolution
		{7E27CE0A-EAD1-4638-A081-F9BD91C320CE}.Debug|Any CPU.ActiveCfg = Debug|Any CPU
		{7E27CE0A-EAD1-4638-A081-F9BD91C320CE}.Debug|Any CPU.Build.0 = Debug|Any CPU
		{7E27CE0A-EAD1-4638-A081-F9BD91C320CE}.Release|Any CPU.ActiveCfg = Release|Any CPU
		{7E27CE0A-EAD1-4638-A081-F9BD91C320CE}.Release|Any CPU.Build.0 = Release|Any CPU
	EndGlobalSection
	GlobalSection(SolutionProperties) = preSolution
		HideSolutionNode = FALSE
	EndGlobalSection
	GlobalSection(ExtensibilityGlobals) = postSolution
		SolutionGuid = {5E406FB1-1DF5-454E-A008-84ED97BD8DF0}
	EndGlobalSection
EndGlobal
